
Microsoft Visual Studio Solution File, Format Version 12.00
# Visual Studio Version 17
VisualStudioVersion = 17.12.35506.116
MinimumVisualStudioVersion = 10.0.40219.1
Project("{FAE04EC0-301F-11D3-BF4B-00C04F79EFBC}") = "GenericReader", "GenericReader\GenericReader.csproj", "{696B0BE4-DAC7-4D51-A696-7054B8B0A008}"
EndProject
Project("{FAE04EC0-301F-11D3-BF4B-00C04F79EFBC}") = "GenericReader.Tests", "GenericReader.Tests\GenericReader.Tests.csproj", "{8A73DC9A-ADB3-49F3-83D1-C280F709255A}"
EndProject
Global
	GlobalSection(SolutionConfigurationPlatforms) = preSolution
		Debug|Any CPU = Debug|Any CPU
		Release|Any CPU = Release|Any CPU
	EndGlobalSection
	GlobalSection(ProjectConfigurationPlatforms) = postSolution
		{696B0BE4-DAC7-4D51-A696-7054B8B0A008}.Debug|Any CPU.ActiveCfg = Debug|Any CPU
		{696B0BE4-DAC7-4D51-A696-7054B8B0A008}.Debug|Any CPU.Build.0 = Debug|Any CPU
		{696B0BE4-DAC7-4D51-A696-7054B8B0A008}.Release|Any CPU.ActiveCfg = Release|Any CPU
		{696B0BE4-DAC7-4D51-A696-7054B8B0A008}.Release|Any CPU.Build.0 = Release|Any CPU
		{8A73DC9A-ADB3-49F3-83D1-C280F709255A}.Debug|Any CPU.ActiveCfg = Debug|Any CPU
		{8A73DC9A-ADB3-49F3-83D1-C280F709255A}.Debug|Any CPU.Build.0 = Debug|Any CPU
		{8A73DC9A-ADB3-49F3-83D1-C280F709255A}.Release|Any CPU.ActiveCfg = Release|Any CPU
		{8A73DC9A-ADB3-49F3-83D1-C280F709255A}.Release|Any CPU.Build.0 = Release|Any CPU
	EndGlobalSection
	GlobalSection(SolutionProperties) = preSolution
		HideSolutionNode = FALSE
	EndGlobalSection
	GlobalSection(ExtensibilityGlobals) = postSolution
		SolutionGuid = {F8F128AE-8060-4E24-A4F8-462F6C34F5A9}
	EndGlobalSection
EndGlobal
